
Microsoft Visual Studio Solution File, Format Version 10.00
# Visual Studio 2008
Project("{FAE04EC0-301F-11D3-BF4B-00C04F79EFBC}") = "ColorManager", "ColorManager\ColorManager.csproj", "{3DB7B45D-B631-4D70-96DB-78FF487ACE5C}"
EndProject
Global
	GlobalSection(SolutionConfigurationPlatforms) = preSolution
		Debug|Any CPU = Debug|Any CPU
		Release|Any CPU = Release|Any CPU
	EndGlobalSection
	GlobalSection(ProjectConfigurationPlatforms) = postSolution
		{3DB7B45D-B631-4D70-96DB-78FF487ACE5C}.Debug|Any CPU.ActiveCfg = Debug|Any CPU
		{3DB7B45D-B631-4D70-96DB-78FF487ACE5C}.Debug|Any CPU.Build.0 = Debug|Any CPU
		{3DB7B45D-B631-4D70-96DB-78FF487ACE5C}.Release|Any CPU.ActiveCfg = Release|Any CPU
		{3DB7B45D-B631-4D70-96DB-78FF487ACE5C}.Release|Any CPU.Build.0 = Release|Any CPU
	EndGlobalSection
	GlobalSection(MonoDevelopProperties) = preSolution
		StartupItem = ColorManager\ColorManager.csproj
		version = 1.0.1
	EndGlobalSection
	GlobalSection(SolutionProperties) = preSolution
		HideSolutionNode = FALSE
	EndGlobalSection
EndGlobal
